
Microsoft Visual Studio Solution File, Format Version 12.00
# Visual Studio 15
VisualStudioVersion = 15.0.27130.2036
MinimumVisualStudioVersion = 10.0.40219.1
Project("{FAE04EC0-301F-11D3-BF4B-00C04F79EFBC}") = "OnlineShopSystem", "OnlineShopSystem\OnlineShopSystem.csproj", "{AFEAB9E8-510F-401E-8033-7AF32B46DA87}"
EndProject
Project("{FAE04EC0-301F-11D3-BF4B-00C04F79EFBC}") = "Model", "Model\Model.csproj", "{E3E429E2-D679-4C42-91AA-1827F2FB0D26}"
EndProject
Project("{FAE04EC0-301F-11D3-BF4B-00C04F79EFBC}") = "StaticResources", "StaticResources\StaticResources.csproj", "{3E787805-C63A-46D8-954F-680E0F75AB62}"
EndProject
Global
	GlobalSection(SolutionConfigurationPlatforms) = preSolution
		Debug|Any CPU = Debug|Any CPU
		Release|Any CPU = Release|Any CPU
	EndGlobalSection
	GlobalSection(ProjectConfigurationPlatforms) = postSolution
		{AFEAB9E8-510F-401E-8033-7AF32B46DA87}.Debug|Any CPU.ActiveCfg = Debug|Any CPU
		{AFEAB9E8-510F-401E-8033-7AF32B46DA87}.Debug|Any CPU.Build.0 = Debug|Any CPU
		{AFEAB9E8-510F-401E-8033-7AF32B46DA87}.Release|Any CPU.ActiveCfg = Release|Any CPU
		{AFEAB9E8-510F-401E-8033-7AF32B46DA87}.Release|Any CPU.Build.0 = Release|Any CPU
		{E3E429E2-D679-4C42-91AA-1827F2FB0D26}.Debug|Any CPU.ActiveCfg = Debug|Any CPU
		{E3E429E2-D679-4C42-91AA-1827F2FB0D26}.Debug|Any CPU.Build.0 = Debug|Any CPU
		{E3E429E2-D679-4C42-91AA-1827F2FB0D26}.Release|Any CPU.ActiveCfg = Release|Any CPU
		{E3E429E2-D679-4C42-91AA-1827F2FB0D26}.Release|Any CPU.Build.0 = Release|Any CPU
		{3E787805-C63A-46D8-954F-680E0F75AB62}.Debug|Any CPU.ActiveCfg = Debug|Any CPU
		{3E787805-C63A-46D8-954F-680E0F75AB62}.Debug|Any CPU.Build.0 = Debug|Any CPU
		{3E787805-C63A-46D8-954F-680E0F75AB62}.Release|Any CPU.ActiveCfg = Release|Any CPU
		{3E787805-C63A-46D8-954F-680E0F75AB62}.Release|Any CPU.Build.0 = Release|Any CPU
	EndGlobalSection
	GlobalSection(SolutionProperties) = preSolution
		HideSolutionNode = FALSE
	EndGlobalSection
	GlobalSection(ExtensibilityGlobals) = postSolution
		SolutionGuid = {2D25DB0D-F6FD-4E6A-987A-57051A816560}
	EndGlobalSection
EndGlobal
